
Microsoft Visual Studio Solution File, Format Version 12.00
# Visual Studio Version 17
VisualStudioVersion = 17.5.33414.496
MinimumVisualStudioVersion = 10.0.40219.1
Project("{FAE04EC0-301F-11D3-BF4B-00C04F79EFBC}") = "AppDomain_FinalTask3", "AppDomain_FinalTask3\AppDomain_FinalTask3.csproj", "{49EEE04B-03D9-4995-B928-D227E5320329}"
EndProject
Project("{FAE04EC0-301F-11D3-BF4B-00C04F79EFBC}") = "ControlButton", "ControlButton\ControlButton.csproj", "{D6AF8FF8-5AD5-46E2-A1BE-D731A04D126F}"
EndProject
Project("{FAE04EC0-301F-11D3-BF4B-00C04F79EFBC}") = "Button", "Button\Button.csproj", "{0AB9D877-1EC8-4921-85C4-E1E53C99BD59}"
EndProject
Global
	GlobalSection(SolutionConfigurationPlatforms) = preSolution
		Debug|Any CPU = Debug|Any CPU
		Release|Any CPU = Release|Any CPU
	EndGlobalSection
	GlobalSection(ProjectConfigurationPlatforms) = postSolution
		{49EEE04B-03D9-4995-B928-D227E5320329}.Debug|Any CPU.ActiveCfg = Debug|Any CPU
		{49EEE04B-03D9-4995-B928-D227E5320329}.Debug|Any CPU.Build.0 = Debug|Any CPU
		{49EEE04B-03D9-4995-B928-D227E5320329}.Release|Any CPU.ActiveCfg = Release|Any CPU
		{49EEE04B-03D9-4995-B928-D227E5320329}.Release|Any CPU.Build.0 = Release|Any CPU
		{D6AF8FF8-5AD5-46E2-A1BE-D731A04D126F}.Debug|Any CPU.ActiveCfg = Debug|Any CPU
		{D6AF8FF8-5AD5-46E2-A1BE-D731A04D126F}.Debug|Any CPU.Build.0 = Debug|Any CPU
		{D6AF8FF8-5AD5-46E2-A1BE-D731A04D126F}.Release|Any CPU.ActiveCfg = Release|Any CPU
		{D6AF8FF8-5AD5-46E2-A1BE-D731A04D126F}.Release|Any CPU.Build.0 = Release|Any CPU
		{0AB9D877-1EC8-4921-85C4-E1E53C99BD59}.Debug|Any CPU.ActiveCfg = Debug|Any CPU
		{0AB9D877-1EC8-4921-85C4-E1E53C99BD59}.Debug|Any CPU.Build.0 = Debug|Any CPU
		{0AB9D877-1EC8-4921-85C4-E1E53C99BD59}.Release|Any CPU.ActiveCfg = Release|Any CPU
		{0AB9D877-1EC8-4921-85C4-E1E53C99BD59}.Release|Any CPU.Build.0 = Release|Any CPU
	EndGlobalSection
	GlobalSection(SolutionProperties) = preSolution
		HideSolutionNode = FALSE
	EndGlobalSection
	GlobalSection(ExtensibilityGlobals) = postSolution
		SolutionGuid = {C73C1769-5263-4272-A29E-A6BF81F87DE8}
	EndGlobalSection
EndGlobal
